
Microsoft Visual Studio Solution File, Format Version 12.00
# Visual Studio 15
VisualStudioVersion = 15.0.27004.2010
MinimumVisualStudioVersion = 10.0.40219.1
Project("{FAE04EC0-301F-11D3-BF4B-00C04F79EFBC}") = "Banco", "Banco\Banco.csproj", "{D11132AA-EE59-446F-8864-3C95966F415C}"
EndProject
Global
	GlobalSection(SolutionConfigurationPlatforms) = preSolution
		Debug|Any CPU = Debug|Any CPU
		Release|Any CPU = Release|Any CPU
	EndGlobalSection
	GlobalSection(ProjectConfigurationPlatforms) = postSolution
		{D11132AA-EE59-446F-8864-3C95966F415C}.Debug|Any CPU.ActiveCfg = Debug|Any CPU
		{D11132AA-EE59-446F-8864-3C95966F415C}.Debug|Any CPU.Build.0 = Debug|Any CPU
		{D11132AA-EE59-446F-8864-3C95966F415C}.Release|Any CPU.ActiveCfg = Release|Any CPU
		{D11132AA-EE59-446F-8864-3C95966F415C}.Release|Any CPU.Build.0 = Release|Any CPU
	EndGlobalSection
	GlobalSection(SolutionProperties) = preSolution
		HideSolutionNode = FALSE
	EndGlobalSection
	GlobalSection(ExtensibilityGlobals) = postSolution
		SolutionGuid = {3E9A73B5-FC8B-425D-8FFD-E8B7F09A367C}
	EndGlobalSection
EndGlobal
